{
  "name": "angularjs_ui_component",
  "version": "1.0.0",
  "lockfileVersion": 2,
  "requires": true,
  "packages": {
    "": {
      "name": "angularjs_ui_component",
      "version": "1.0.0",
      "license": "ISC",
      "dependencies": {
        "angular": "^1.8.3",
        "jexcel": "^4.6.1"
      }
    },
    "node_modules/angular": {
      "version": "1.8.3",
      "resolved": "https://registry.npmjs.org/angular/-/angular-1.8.3.tgz",
      "integrity": "sha512-5qjkWIQQVsHj4Sb5TcEs4WZWpFeVFHXwxEBHUhrny41D8UrBAd6T/6nPPAsLngJCReIOqi95W3mxdveveutpZw==",
      "deprecated": "For the actively supported Angular, see https://www.npmjs.com/package/@angular/core. AngularJS support has officially ended. For extended AngularJS support options, see https://goo.gle/angularjs-path-forward."
    },
    "node_modules/jexcel": {
      "version": "4.6.1",
      "resolved": "https://registry.npmjs.org/jexcel/-/jexcel-4.6.1.tgz",
      "integrity": "sha512-vhQUAszV5MAbOKbRo3c5JHLHgrmxsU44yNhKqzWCZmi/s75vTyzP5/xJw0gLnQrGQGaH/1sUjtqU0TB9L0sQ8A==",
      "dependencies": {
        "jsuites": "^4.1.0"
      }
    },
    "node_modules/jsuites": {
      "version": "4.14.4",
      "resolved": "https://registry.npmjs.org/jsuites/-/jsuites-4.14.4.tgz",
      "integrity": "sha512-3GAddGx/esvaejlLSzjuxt+mt9XTr8T+l9qVcjUwTx4Lgtsc7Ir93oJwDrsia/9kH+Lu+ZFsxoScKhgfljqWHg=="
    }
  },
  "dependencies": {
    "angular": {
      "version": "1.8.3",
      "resolved": "https://registry.npmjs.org/angular/-/angular-1.8.3.tgz",
      "integrity": "sha512-5qjkWIQQVsHj4Sb5TcEs4WZWpFeVFHXwxEBHUhrny41D8UrBAd6T/6nPPAsLngJCReIOqi95W3mxdveveutpZw=="
    },
    "jexcel": {
      "version": "4.6.1",
      "resolved": "https://registry.npmjs.org/jexcel/-/jexcel-4.6.1.tgz",
      "integrity": "sha512-vhQUAszV5MAbOKbRo3c5JHLHgrmxsU44yNhKqzWCZmi/s75vTyzP5/xJw0gLnQrGQGaH/1sUjtqU0TB9L0sQ8A==",
      "requires": {
        "jsuites": "^4.1.0"
      }
    },
    "jsuites": {
      "version": "4.14.4",
      "resolved": "https://registry.npmjs.org/jsuites/-/jsuites-4.14.4.tgz",
      "integrity": "sha512-3GAddGx/esvaejlLSzjuxt+mt9XTr8T+l9qVcjUwTx4Lgtsc7Ir93oJwDrsia/9kH+Lu+ZFsxoScKhgfljqWHg=="
    }
  }
}
